
Microsoft Visual Studio Solution File, Format Version 12.00
# Visual Studio Version 16
VisualStudioVersion = 16.0.29613.14
MinimumVisualStudioVersion = 15.0.26124.0
Project("{9A19103F-16F7-4668-BE54-9A1E7A4F7556}") = "org.cchmc.pho.api", "org.cchmc.pho.api\org.cchmc.pho.api.csproj", "{F338B161-01AF-4BD5-856F-FB698F83F048}"
EndProject
Project("{9A19103F-16F7-4668-BE54-9A1E7A4F7556}") = "org.cchmc.pho.core", "org.cchmc.pho.core\org.cchmc.pho.core.csproj", "{B2212590-8C9C-4BA1-AF61-A8508C63CF86}"
EndProject
Project("{2150E333-8FDC-42A3-9474-1A3956D46DE8}") = "Solution Items", "Solution Items", "{0D9E6E33-F725-454B-8C24-79211A7E19CE}"
	ProjectSection(SolutionItems) = preProject
		changelog.md = changelog.md
		readme.md = readme.md
	EndProjectSection
EndProject
Project("{9A19103F-16F7-4668-BE54-9A1E7A4F7556}") = "org.cchmc.pho.unittest", "org.cchmc.pho.unittest\org.cchmc.pho.unittest.csproj", "{200628E6-C910-448A-88E7-E605BAA1599B}"
EndProject
Project("{9A19103F-16F7-4668-BE54-9A1E7A4F7556}") = "org.cchmc.pho.identity", "org.cchmc.pho.identity\org.cchmc.pho.identity.csproj", "{EE156EFB-B9F2-4CA2-A171-EDC38BE02B7B}"
EndProject
Project("{E24C65DC-7377-472B-9ABA-BC803B73C61A}") = "org.cchmc.pho.webapp", "org.cchmc.pho.webapp\", "{96820A5E-008C-4CE8-B3B8-7F6CE2450741}"
	ProjectSection(WebsiteProperties) = preProject
		TargetFrameworkMoniker = ".NETFramework,Version%3Dv4.0"
		Debug.AspNetCompiler.VirtualPath = "/localhost_51105"
		Debug.AspNetCompiler.PhysicalPath = "org.cchmc.pho.webapp\"
		Debug.AspNetCompiler.TargetPath = "PrecompiledWeb\localhost_51105\"
		Debug.AspNetCompiler.Updateable = "true"
		Debug.AspNetCompiler.ForceOverwrite = "true"
		Debug.AspNetCompiler.FixedNames = "false"
		Debug.AspNetCompiler.Debug = "True"
		Release.AspNetCompiler.VirtualPath = "/localhost_51105"
		Release.AspNetCompiler.PhysicalPath = "org.cchmc.pho.webapp\"
		Release.AspNetCompiler.TargetPath = "PrecompiledWeb\localhost_51105\"
		Release.AspNetCompiler.Updateable = "true"
		Release.AspNetCompiler.ForceOverwrite = "true"
		Release.AspNetCompiler.FixedNames = "false"
		Release.AspNetCompiler.Debug = "False"
		VWDPort = "51105"
		SlnRelativePath = "org.cchmc.pho.webapp\"
	EndProjectSection
EndProject
Global
	GlobalSection(SolutionConfigurationPlatforms) = preSolution
		Debug|Any CPU = Debug|Any CPU
		Debug|x64 = Debug|x64
		Debug|x86 = Debug|x86
		Release|Any CPU = Release|Any CPU
		Release|x64 = Release|x64
		Release|x86 = Release|x86
	EndGlobalSection
	GlobalSection(ProjectConfigurationPlatforms) = postSolution
		{F338B161-01AF-4BD5-856F-FB698F83F048}.Debug|Any CPU.ActiveCfg = Debug|Any CPU
		{F338B161-01AF-4BD5-856F-FB698F83F048}.Debug|Any CPU.Build.0 = Debug|Any CPU
		{F338B161-01AF-4BD5-856F-FB698F83F048}.Debug|x64.ActiveCfg = Debug|Any CPU
		{F338B161-01AF-4BD5-856F-FB698F83F048}.Debug|x64.Build.0 = Debug|Any CPU
		{F338B161-01AF-4BD5-856F-FB698F83F048}.Debug|x86.ActiveCfg = Debug|Any CPU
		{F338B161-01AF-4BD5-856F-FB698F83F048}.Debug|x86.Build.0 = Debug|Any CPU
		{F338B161-01AF-4BD5-856F-FB698F83F048}.Release|Any CPU.ActiveCfg = Release|Any CPU
		{F338B161-01AF-4BD5-856F-FB698F83F048}.Release|Any CPU.Build.0 = Release|Any CPU
		{F338B161-01AF-4BD5-856F-FB698F83F048}.Release|x64.ActiveCfg = Release|Any CPU
		{F338B161-01AF-4BD5-856F-FB698F83F048}.Release|x64.Build.0 = Release|Any CPU
		{F338B161-01AF-4BD5-856F-FB698F83F048}.Release|x86.ActiveCfg = Release|Any CPU
		{F338B161-01AF-4BD5-856F-FB698F83F048}.Release|x86.Build.0 = Release|Any CPU
		{B2212590-8C9C-4BA1-AF61-A8508C63CF86}.Debug|Any CPU.ActiveCfg = Debug|Any CPU
		{B2212590-8C9C-4BA1-AF61-A8508C63CF86}.Debug|Any CPU.Build.0 = Debug|Any CPU
		{B2212590-8C9C-4BA1-AF61-A8508C63CF86}.Debug|x64.ActiveCfg = Debug|Any CPU
		{B2212590-8C9C-4BA1-AF61-A8508C63CF86}.Debug|x64.Build.0 = Debug|Any CPU
		{B2212590-8C9C-4BA1-AF61-A8508C63CF86}.Debug|x86.ActiveCfg = Debug|Any CPU
		{B2212590-8C9C-4BA1-AF61-A8508C63CF86}.Debug|x86.Build.0 = Debug|Any CPU
		{B2212590-8C9C-4BA1-AF61-A8508C63CF86}.Release|Any CPU.ActiveCfg = Release|Any CPU
		{B2212590-8C9C-4BA1-AF61-A8508C63CF86}.Release|Any CPU.Build.0 = Release|Any CPU
		{B2212590-8C9C-4BA1-AF61-A8508C63CF86}.Release|x64.ActiveCfg = Release|Any CPU
		{B2212590-8C9C-4BA1-AF61-A8508C63CF86}.Release|x64.Build.0 = Release|Any CPU
		{B2212590-8C9C-4BA1-AF61-A8508C63CF86}.Release|x86.ActiveCfg = Release|Any CPU
		{B2212590-8C9C-4BA1-AF61-A8508C63CF86}.Release|x86.Build.0 = Release|Any CPU
		{200628E6-C910-448A-88E7-E605BAA1599B}.Debug|Any CPU.ActiveCfg = Debug|Any CPU
		{200628E6-C910-448A-88E7-E605BAA1599B}.Debug|Any CPU.Build.0 = Debug|Any CPU
		{200628E6-C910-448A-88E7-E605BAA1599B}.Debug|x64.ActiveCfg = Debug|Any CPU
		{200628E6-C910-448A-88E7-E605BAA1599B}.Debug|x64.Build.0 = Debug|Any CPU
		{200628E6-C910-448A-88E7-E605BAA1599B}.Debug|x86.ActiveCfg = Debug|Any CPU
		{200628E6-C910-448A-88E7-E605BAA1599B}.Debug|x86.Build.0 = Debug|Any CPU
		{200628E6-C910-448A-88E7-E605BAA1599B}.Release|Any CPU.ActiveCfg = Release|Any CPU
		{200628E6-C910-448A-88E7-E605BAA1599B}.Release|Any CPU.Build.0 = Release|Any CPU
		{200628E6-C910-448A-88E7-E605BAA1599B}.Release|x64.ActiveCfg = Release|Any CPU
		{200628E6-C910-448A-88E7-E605BAA1599B}.Release|x64.Build.0 = Release|Any CPU
		{200628E6-C910-448A-88E7-E605BAA1599B}.Release|x86.ActiveCfg = Release|Any CPU
		{200628E6-C910-448A-88E7-E605BAA1599B}.Release|x86.Build.0 = Release|Any CPU
		{EE156EFB-B9F2-4CA2-A171-EDC38BE02B7B}.Debug|Any CPU.ActiveCfg = Debug|Any CPU
		{EE156EFB-B9F2-4CA2-A171-EDC38BE02B7B}.Debug|Any CPU.Build.0 = Debug|Any CPU
		{EE156EFB-B9F2-4CA2-A171-EDC38BE02B7B}.Debug|x64.ActiveCfg = Debug|Any CPU
		{EE156EFB-B9F2-4CA2-A171-EDC38BE02B7B}.Debug|x64.Build.0 = Debug|Any CPU
		{EE156EFB-B9F2-4CA2-A171-EDC38BE02B7B}.Debug|x86.ActiveCfg = Debug|Any CPU
		{EE156EFB-B9F2-4CA2-A171-EDC38BE02B7B}.Debug|x86.Build.0 = Debug|Any CPU
		{EE156EFB-B9F2-4CA2-A171-EDC38BE02B7B}.Release|Any CPU.ActiveCfg = Release|Any CPU
		{EE156EFB-B9F2-4CA2-A171-EDC38BE02B7B}.Release|Any CPU.Build.0 = Release|Any CPU
		{EE156EFB-B9F2-4CA2-A171-EDC38BE02B7B}.Release|x64.ActiveCfg = Release|Any CPU
		{EE156EFB-B9F2-4CA2-A171-EDC38BE02B7B}.Release|x64.Build.0 = Release|Any CPU
		{EE156EFB-B9F2-4CA2-A171-EDC38BE02B7B}.Release|x86.ActiveCfg = Release|Any CPU
		{EE156EFB-B9F2-4CA2-A171-EDC38BE02B7B}.Release|x86.Build.0 = Release|Any CPU
		{96820A5E-008C-4CE8-B3B8-7F6CE2450741}.Debug|Any CPU.ActiveCfg = Debug|Any CPU
		{96820A5E-008C-4CE8-B3B8-7F6CE2450741}.Debug|Any CPU.Build.0 = Debug|Any CPU
		{96820A5E-008C-4CE8-B3B8-7F6CE2450741}.Debug|x64.ActiveCfg = Debug|Any CPU
		{96820A5E-008C-4CE8-B3B8-7F6CE2450741}.Debug|x64.Build.0 = Debug|Any CPU
		{96820A5E-008C-4CE8-B3B8-7F6CE2450741}.Debug|x86.ActiveCfg = Debug|Any CPU
		{96820A5E-008C-4CE8-B3B8-7F6CE2450741}.Debug|x86.Build.0 = Debug|Any CPU
		{96820A5E-008C-4CE8-B3B8-7F6CE2450741}.Release|Any CPU.ActiveCfg = Debug|Any CPU
		{96820A5E-008C-4CE8-B3B8-7F6CE2450741}.Release|Any CPU.Build.0 = Debug|Any CPU
		{96820A5E-008C-4CE8-B3B8-7F6CE2450741}.Release|x64.ActiveCfg = Debug|Any CPU
		{96820A5E-008C-4CE8-B3B8-7F6CE2450741}.Release|x64.Build.0 = Debug|Any CPU
		{96820A5E-008C-4CE8-B3B8-7F6CE2450741}.Release|x86.ActiveCfg = Debug|Any CPU
		{96820A5E-008C-4CE8-B3B8-7F6CE2450741}.Release|x86.Build.0 = Debug|Any CPU
	EndGlobalSection
	GlobalSection(SolutionProperties) = preSolution
		HideSolutionNode = FALSE
	EndGlobalSection
	GlobalSection(ExtensibilityGlobals) = postSolution
		SolutionGuid = {9602F80C-99AC-401F-AFE6-10F70314404B}
	EndGlobalSection
EndGlobal
